
Microsoft Visual Studio Solution File, Format Version 12.00
# Visual Studio Version 16
VisualStudioVersion = 16.0.31624.102
MinimumVisualStudioVersion = 10.0.40219.1
Project("{FAE04EC0-301F-11D3-BF4B-00C04F79EFBC}") = "RipperStoreFucker", "RipperStoreFucker\RipperStoreFucker.csproj", "{B568DE7F-3CC9-4EEA-A675-69C7C5A2FC6A}"
EndProject
Global
	GlobalSection(SolutionConfigurationPlatforms) = preSolution
		Debug|Any CPU = Debug|Any CPU
		Release|Any CPU = Release|Any CPU
	EndGlobalSection
	GlobalSection(ProjectConfigurationPlatforms) = postSolution
		{B568DE7F-3CC9-4EEA-A675-69C7C5A2FC6A}.Debug|Any CPU.ActiveCfg = Debug|Any CPU
		{B568DE7F-3CC9-4EEA-A675-69C7C5A2FC6A}.Debug|Any CPU.Build.0 = Debug|Any CPU
		{B568DE7F-3CC9-4EEA-A675-69C7C5A2FC6A}.Release|Any CPU.ActiveCfg = Release|Any CPU
		{B568DE7F-3CC9-4EEA-A675-69C7C5A2FC6A}.Release|Any CPU.Build.0 = Release|Any CPU
	EndGlobalSection
	GlobalSection(SolutionProperties) = preSolution
		HideSolutionNode = FALSE
	EndGlobalSection
	GlobalSection(ExtensibilityGlobals) = postSolution
		SolutionGuid = {977D43AE-6434-4038-980A-0A19550E5B6E}
	EndGlobalSection
EndGlobal
